
Microsoft Visual Studio Solution File, Format Version 10.00
# Visual Studio 2008
Project("{FAE04EC0-301F-11D3-BF4B-00C04F79EFBC}") = "Xml2INI", "Xml2INI\Xml2INI.csproj", "{5A0CC1FC-6620-4152-8475-8B4058841173}"
EndProject
Global
	GlobalSection(SolutionConfigurationPlatforms) = preSolution
		Debug|Any CPU = Debug|Any CPU
		Release|Any CPU = Release|Any CPU
	EndGlobalSection
	GlobalSection(ProjectConfigurationPlatforms) = postSolution
		{5A0CC1FC-6620-4152-8475-8B4058841173}.Debug|Any CPU.ActiveCfg = Debug|Any CPU
		{5A0CC1FC-6620-4152-8475-8B4058841173}.Debug|Any CPU.Build.0 = Debug|Any CPU
		{5A0CC1FC-6620-4152-8475-8B4058841173}.Release|Any CPU.ActiveCfg = Release|Any CPU
		{5A0CC1FC-6620-4152-8475-8B4058841173}.Release|Any CPU.Build.0 = Release|Any CPU
	EndGlobalSection
	GlobalSection(SolutionProperties) = preSolution
		HideSolutionNode = FALSE
	EndGlobalSection
EndGlobal
